
Microsoft Visual Studio Solution File, Format Version 12.00
# Visual Studio Version 17
VisualStudioVersion = 17.11.35303.130
MinimumVisualStudioVersion = 10.0.40219.1
Project("{8BC9CEB8-8B4A-11D0-8D11-00A0C91BC942}") = "Lab-6", "Lab-6.vcxproj", "{7A7A0A1C-6035-497F-AC19-69218B124DB0}"
EndProject
Global
	GlobalSection(SolutionConfigurationPlatforms) = preSolution
		Debug|x64 = Debug|x64
		Debug|x86 = Debug|x86
		Release|x64 = Release|x64
		Release|x86 = Release|x86
	EndGlobalSection
	GlobalSection(ProjectConfigurationPlatforms) = postSolution
		{7A7A0A1C-6035-497F-AC19-69218B124DB0}.Debug|x64.ActiveCfg = Debug|x64
		{7A7A0A1C-6035-497F-AC19-69218B124DB0}.Debug|x64.Build.0 = Debug|x64
		{7A7A0A1C-6035-497F-AC19-69218B124DB0}.Debug|x86.ActiveCfg = Debug|Win32
		{7A7A0A1C-6035-497F-AC19-69218B124DB0}.Debug|x86.Build.0 = Debug|Win32
		{7A7A0A1C-6035-497F-AC19-69218B124DB0}.Release|x64.ActiveCfg = Release|x64
		{7A7A0A1C-6035-497F-AC19-69218B124DB0}.Release|x64.Build.0 = Release|x64
		{7A7A0A1C-6035-497F-AC19-69218B124DB0}.Release|x86.ActiveCfg = Release|Win32
		{7A7A0A1C-6035-497F-AC19-69218B124DB0}.Release|x86.Build.0 = Release|Win32
	EndGlobalSection
	GlobalSection(SolutionProperties) = preSolution
		HideSolutionNode = FALSE
	EndGlobalSection
	GlobalSection(ExtensibilityGlobals) = postSolution
		SolutionGuid = {5B08026F-1F25-408E-99A7-D2A53F8090B2}
	EndGlobalSection
EndGlobal
